
Microsoft Visual Studio Solution File, Format Version 12.00
# Visual Studio Version 16
VisualStudioVersion = 16.0.30320.27
MinimumVisualStudioVersion = 10.0.40219.1
Project("{2150E333-8FDC-42A3-9474-1A3956D46DE8}") = "DataAccessLayer", "DataAccessLayer", "{63EAD6D4-35DB-4B18-A89C-DD9BF2D3E222}"
EndProject
Project("{2150E333-8FDC-42A3-9474-1A3956D46DE8}") = "Utility", "Utility", "{A4BFD797-D40A-4AC4-ACA1-26DA955F7466}"
EndProject
Project("{9A19103F-16F7-4668-BE54-9A1E7A4F7556}") = "Haskap.LayeredArchitecture.Utilities", "Haskap.LayeredArchitecture.Utilities\Haskap.LayeredArchitecture.Utilities.csproj", "{F78291BE-3CBC-48B5-9C44-DEB7801F9050}"
EndProject
Project("{2150E333-8FDC-42A3-9474-1A3956D46DE8}") = "Core", "Core", "{9D1D6525-0033-40DF-9FB7-29AC54D82960}"
EndProject
Project("{9A19103F-16F7-4668-BE54-9A1E7A4F7556}") = "Haskap.LayeredArchitecture.Core", "Haskap.LayeredArchitecture.Core\Haskap.LayeredArchitecture.Core.csproj", "{B7B36753-1573-4EC7-875E-637AB9220ECB}"
EndProject
Project("{2150E333-8FDC-42A3-9474-1A3956D46DE8}") = "BussinessLogicLayer", "BussinessLogicLayer", "{621401B8-966C-497E-8AE0-8B17BDC4680F}"
EndProject
Project("{FAE04EC0-301F-11D3-BF4B-00C04F79EFBC}") = "Haskap.LayeredArchitecture.BussinessLogicLayer.Services", "Haskap.LayeredArchitecture.BussinessLogicLayer.Services\Haskap.LayeredArchitecture.BussinessLogicLayer.Services.csproj", "{086972F2-CDE3-4A94-B0CC-EE27CEA83207}"
EndProject
Project("{FAE04EC0-301F-11D3-BF4B-00C04F79EFBC}") = "Haskap.LayeredArchitecture.DataAccessLayer.DbContexts", "Haskap.LayeredArchitecture.DataAccessLayer.DbContexts\Haskap.LayeredArchitecture.DataAccessLayer.DbContexts.csproj", "{73ED4B0D-919A-436A-83A8-C3FCD68E88CE}"
EndProject
Project("{FAE04EC0-301F-11D3-BF4B-00C04F79EFBC}") = "Haskap.LayeredArchitecture.DataAccessLayer.Repositories", "Haskap.LayeredArchitecture.DataAccessLayer.Repositories\Haskap.LayeredArchitecture.DataAccessLayer.Repositories.csproj", "{276BA843-7DFF-426A-93EF-5F1A465A0973}"
EndProject
Global
	GlobalSection(SolutionConfigurationPlatforms) = preSolution
		Debug|Any CPU = Debug|Any CPU
		Release|Any CPU = Release|Any CPU
	EndGlobalSection
	GlobalSection(ProjectConfigurationPlatforms) = postSolution
		{F78291BE-3CBC-48B5-9C44-DEB7801F9050}.Debug|Any CPU.ActiveCfg = Debug|Any CPU
		{F78291BE-3CBC-48B5-9C44-DEB7801F9050}.Debug|Any CPU.Build.0 = Debug|Any CPU
		{F78291BE-3CBC-48B5-9C44-DEB7801F9050}.Release|Any CPU.ActiveCfg = Release|Any CPU
		{F78291BE-3CBC-48B5-9C44-DEB7801F9050}.Release|Any CPU.Build.0 = Release|Any CPU
		{B7B36753-1573-4EC7-875E-637AB9220ECB}.Debug|Any CPU.ActiveCfg = Debug|Any CPU
		{B7B36753-1573-4EC7-875E-637AB9220ECB}.Debug|Any CPU.Build.0 = Debug|Any CPU
		{B7B36753-1573-4EC7-875E-637AB9220ECB}.Release|Any CPU.ActiveCfg = Release|Any CPU
		{B7B36753-1573-4EC7-875E-637AB9220ECB}.Release|Any CPU.Build.0 = Release|Any CPU
		{086972F2-CDE3-4A94-B0CC-EE27CEA83207}.Debug|Any CPU.ActiveCfg = Debug|Any CPU
		{086972F2-CDE3-4A94-B0CC-EE27CEA83207}.Debug|Any CPU.Build.0 = Debug|Any CPU
		{086972F2-CDE3-4A94-B0CC-EE27CEA83207}.Release|Any CPU.ActiveCfg = Release|Any CPU
		{086972F2-CDE3-4A94-B0CC-EE27CEA83207}.Release|Any CPU.Build.0 = Release|Any CPU
		{73ED4B0D-919A-436A-83A8-C3FCD68E88CE}.Debug|Any CPU.ActiveCfg = Debug|Any CPU
		{73ED4B0D-919A-436A-83A8-C3FCD68E88CE}.Debug|Any CPU.Build.0 = Debug|Any CPU
		{73ED4B0D-919A-436A-83A8-C3FCD68E88CE}.Release|Any CPU.ActiveCfg = Release|Any CPU
		{73ED4B0D-919A-436A-83A8-C3FCD68E88CE}.Release|Any CPU.Build.0 = Release|Any CPU
		{276BA843-7DFF-426A-93EF-5F1A465A0973}.Debug|Any CPU.ActiveCfg = Debug|Any CPU
		{276BA843-7DFF-426A-93EF-5F1A465A0973}.Debug|Any CPU.Build.0 = Debug|Any CPU
		{276BA843-7DFF-426A-93EF-5F1A465A0973}.Release|Any CPU.ActiveCfg = Release|Any CPU
		{276BA843-7DFF-426A-93EF-5F1A465A0973}.Release|Any CPU.Build.0 = Release|Any CPU
	EndGlobalSection
	GlobalSection(SolutionProperties) = preSolution
		HideSolutionNode = FALSE
	EndGlobalSection
	GlobalSection(NestedProjects) = preSolution
		{F78291BE-3CBC-48B5-9C44-DEB7801F9050} = {A4BFD797-D40A-4AC4-ACA1-26DA955F7466}
		{B7B36753-1573-4EC7-875E-637AB9220ECB} = {9D1D6525-0033-40DF-9FB7-29AC54D82960}
		{086972F2-CDE3-4A94-B0CC-EE27CEA83207} = {621401B8-966C-497E-8AE0-8B17BDC4680F}
		{73ED4B0D-919A-436A-83A8-C3FCD68E88CE} = {63EAD6D4-35DB-4B18-A89C-DD9BF2D3E222}
		{276BA843-7DFF-426A-93EF-5F1A465A0973} = {63EAD6D4-35DB-4B18-A89C-DD9BF2D3E222}
	EndGlobalSection
	GlobalSection(ExtensibilityGlobals) = postSolution
		SolutionGuid = {4F971748-7755-480A-BBB9-2DC28D657DC9}
	EndGlobalSection
EndGlobal
